<?xml version="1.0" encoding="utf-8"?>
<Project ToolsVersion="4.0" xmlns="http://schemas.microsoft.com/developer/msbuild/2003">
  <ItemGroup>
    <Filter Include="Header Files">
      <UniqueIdentifier>{93995380-89BD-4b04-88EB-625FBE52EBFB}</UniqueIdentifier>
      <Extensions>h;hh;hpp;hxx;h++;hm;inl;inc;ipp;xsd</Extensions>
    </Filter>
    <Filter Include="Header Files\Systems">
      <UniqueIdentifier>{95eda308-d39e-41ed-9854-a348f45566e3}</UniqueIdentifier>
    </Filter>
    <Filter Include="Header Files\Systems\DirectX">
      <UniqueIdentifier>{a9178381-56f5-48c7-b5a0-04035b0775ee}</UniqueIdentifier>
    </Filter>
    <Filter Include="Header Files\ECS">
      <UniqueIdentifier>{ffa69c50-bf5e-4662-8dcf-44c036f45fb2}</UniqueIdentifier>
    </Filter>
    <Filter Include="Header Files\ECS\Components">
      <UniqueIdentifier>{f1b12d4f-2365-4976-95b3-59b238056779}</UniqueIdentifier>
    </Filter>
    <Filter Include="Header Files\ECS\Systems">
      <UniqueIdentifier>{7fdb1c5d-9d9c-4a9e-88eb-682d41740792}</UniqueIdentifier>
    </Filter>
    <Filter Include="Header Files\Scene">
      <UniqueIdentifier>{f9e0378e-30c0-4d4b-bccd-406304170bdc}</UniqueIdentifier>
    </Filter>
    <Filter Include="Source Files">
      <UniqueIdentifier>{4FC737F1-C7A5-4376-A066-2A32D752A2FF}</UniqueIdentifier>
      <Extensions>cpp;c;cc;cxx;c++;cppm;ixx;def;odl;idl;hpj;bat;asm;asmx</Extensions>
    </Filter>
    <Filter Include="Source Files\Systems">
      <UniqueIdentifier>{6ed3f9df-203d-43e4-87de-2717c676cc74}</UniqueIdentifier>
    </Filter>
    <Filter Include="Source Files\Systems\DirectX">
      <UniqueIdentifier>{2c73117d-8eb7-424e-856b-522308715eb7}</UniqueIdentifier>
    </Filter>
    <Filter Include="Source Files\Works">
      <UniqueIdentifier>{feecb558-690c-40ac-914f-638a3e5b8f6c}</UniqueIdentifier>
    </Filter>
    <Filter Include="Source Files\ECS">
      <UniqueIdentifier>{ab54a844-6796-48ff-bfe3-5df7a4d741aa}</UniqueIdentifier>
    </Filter>
    <Filter Include="Source Files\ECS\Systems">
      <UniqueIdentifier>{a67027e4-c59f-4663-83c9-268ac688139f}</UniqueIdentifier>
    </Filter>
    <Filter Include="Source Files\Scene">
      <UniqueIdentifier>{04c0e80d-aae4-478f-bc0c-3e45d0ad71c4}</UniqueIdentifier>
    </Filter>
    <Filter Include="Resource">
      <UniqueIdentifier>{67DA6AB6-F800-4c08-8B7A-83BB121AAD01}</UniqueIdentifier>
      <Extensions>rc;ico;cur;bmp;dlg;rc2;rct;bin;rgs;gif;jpg;jpeg;jpe;resx;tiff;tif;png;wav;mfcribbon-ms</Extensions>
    </Filter>
  </ItemGroup>
  <ItemGroup>
    <ClCompile Include="Source\Main.cpp">
      <Filter>Source Files</Filter>
    </ClCompile>
    <ClCompile Include="Source\Systems\DirectX\DirectX.cpp">
      <Filter>Source Files\Systems\DirectX</Filter>
    </ClCompile>
    <ClCompile Include="Source\Systems\Geometory.cpp">
      <Filter>Source Files\Systems</Filter>
    </ClCompile>
    <ClCompile Include="Source\Systems\DirectX\MeshBuffer.cpp">
      <Filter>Source Files\Systems\DirectX</Filter>
    </ClCompile>
    <ClCompile Include="Source\Systems\DirectX\Shader.cpp">
      <Filter>Source Files\Systems\DirectX</Filter>
    </ClCompile>
    <ClCompile Include="Source\Systems\DirectX\Texture.cpp">
      <Filter>Source Files\Systems\DirectX</Filter>
    </ClCompile>
    <ClCompile Include="Source\Systems\DirectX\ShaderList.cpp">
      <Filter>Source Files\Systems\DirectX</Filter>
    </ClCompile>
    <ClCompile Include="Source\Systems\Sprite.cpp">
      <Filter>Source Files\Systems</Filter>
    </ClCompile>
    <ClCompile Include="Source\Systems\Model.cpp">
      <Filter>Source Files\Systems</Filter>
    </ClCompile>
    <ClCompile Include="Source\Systems\Input.cpp">
      <Filter>Source Files\Systems</Filter>
    </ClCompile>
    <ClCompile Include="Source\Works\_geometory.cpp">
      <Filter>Source Files\Works</Filter>
    </ClCompile>
    <ClCompile Include="Source\Works\_model.cpp">
      <Filter>Source Files\Works</Filter>
    </ClCompile>
    <ClCompile Include="Source\Scene\GameScene.cpp">
      <Filter>Source Files\Scene</Filter>
    </ClCompile>
    <ClCompile Include="Source\ECS\Systems\RenderSystem.cpp">
      <Filter>Source Files\ECS\Systems</Filter>
    </ClCompile>
    <ClCompile Include="Source\Scene\SceneManager.cpp">
      <Filter>Source Files\Scene</Filter>
    </ClCompile>
    <ClCompile Include="Source\ECS\Systems\PhysicsSystem.cpp">
      <Filter>Source Files\ECS\Systems</Filter>
    </ClCompile>
    <ClCompile Include="Source\ECS\Systems\PlayerControlSystem.cpp">
      <Filter>Source Files\ECS\Systems</Filter>
    </ClCompile>
    <ClCompile Include="Source\ECS\Systems\CollisionSystem.cpp">
      <Filter>Source Files\ECS\Systems</Filter>
    </ClCompile>
    <ClCompile Include="Source\ECS\Systems\CameraControlSystem.cpp">
      <Filter>Source Files\ECS\Systems</Filter>
    </ClCompile>
    <ClCompile Include="Source\ECS\ECSInitializer.cpp">
      <Filter>Source Files\ECS</Filter>
    </ClCompile>
    <ClCompile Include="Source\ECS\EntityFactory.cpp">
      <Filter>Source Files\ECS</Filter>
    </ClCompile>
    <ClCompile Include="Source\ECS\Systems\StateSwitchSystem.cpp">
      <Filter>Source Files\ECS\Systems</Filter>
    </ClCompile>
    <ClCompile Include="Source\ECS\Systems\GameFlowSystem.cpp">
      <Filter>Source Files\ECS\Systems</Filter>
    </ClCompile>
    <ClCompile Include="Source\ECS\Systems\UISystem.cpp">
      <Filter>Source Files\ECS\Systems</Filter>
    </ClCompile>
    <ClCompile Include="Source\ECS\Systems\CollectionSystem.cpp">
      <Filter>Source Files</Filter>
    </ClCompile>
    <ClCompile Include="Source\ECS\Systems\GuardAISystem.cpp">
      <Filter>Source Files\ECS\Systems</Filter>
    </ClCompile>
  </ItemGroup>
  <ItemGroup>
    <ClInclude Include="Include\Systems\Geometory.h">
      <Filter>Header Files\Systems</Filter>
    </ClInclude>
    <ClInclude Include="Include\Systems\Input.h">
      <Filter>Header Files\Systems</Filter>
    </ClInclude>
    <ClInclude Include="Include\Systems\Model.h">
      <Filter>Header Files\Systems</Filter>
    </ClInclude>
    <ClInclude Include="Include\Systems\Sprite.h">
      <Filter>Header Files\Systems</Filter>
    </ClInclude>
    <ClInclude Include="Include\Systems\DirectX\DirectX.h">
      <Filter>Header Files\Systems\DirectX</Filter>
    </ClInclude>
    <ClInclude Include="Include\Systems\DirectX\MeshBuffer.h">
      <Filter>Header Files\Systems\DirectX</Filter>
    </ClInclude>
    <ClInclude Include="Include\Systems\DirectX\Shader.h">
      <Filter>Header Files\Systems\DirectX</Filter>
    </ClInclude>
    <ClInclude Include="Include\Systems\DirectX\ShaderList.h">
      <Filter>Header Files\Systems\DirectX</Filter>
    </ClInclude>
    <ClInclude Include="Include\Systems\DirectX\Texture.h">
      <Filter>Header Files\Systems\DirectX</Filter>
    </ClInclude>
    <ClInclude Include="Include\Main.h">
      <Filter>Header Files</Filter>
    </ClInclude>
    <ClInclude Include="Include\Scene\Scene.h">
      <Filter>Header Files\Scene</Filter>
    </ClInclude>
    <ClInclude Include="Include\Scene\GameScene.h">
      <Filter>Header Files\Scene</Filter>
    </ClInclude>
    <ClInclude Include="Include\Systems\Camera.h">
      <Filter>Header Files\Systems</Filter>
    </ClInclude>
    <ClInclude Include="Include\ECS\Types.h">
      <Filter>Header Files\ECS</Filter>
    </ClInclude>
    <ClInclude Include="Include\ECS\ComponentManager.h">
      <Filter>Header Files\ECS</Filter>
    </ClInclude>
    <ClInclude Include="Include\ECS\EntityManager.h">
      <Filter>Header Files\ECS</Filter>
    </ClInclude>
    <ClInclude Include="Include\ECS\SystemManager.h">
      <Filter>Header Files\ECS</Filter>
    </ClInclude>
    <ClInclude Include="Include\ECS\Coordinator.h">
      <Filter>Header Files\ECS</Filter>
    </ClInclude>
    <ClInclude Include="Include\Scene\SceneManager.h">
      <Filter>Header Files\Scene</Filter>
    </ClInclude>
    <ClInclude Include="Include\ECS\Components\RenderComponent.h">
      <Filter>Header Files\ECS\Components</Filter>
    </ClInclude>
    <ClInclude Include="Include\ECS\Components\TransformComponent.h">
      <Filter>Header Files\ECS\Components</Filter>
    </ClInclude>
    <ClInclude Include="Include\ECS\Systems\RenderSystem.h">
      <Filter>Header Files\ECS\Systems</Filter>
    </ClInclude>
    <ClInclude Include="Include\ECS\Components\RigidBodyComponent.h">
      <Filter>Header Files\ECS\Components</Filter>
    </ClInclude>
    <ClInclude Include="Include\ECS\Components\CollisionComponent.h">
      <Filter>Header Files\ECS\Components</Filter>
    </ClInclude>
    <ClInclude Include="Include\ECS\Systems\PhysicsSystem.h">
      <Filter>Header Files\ECS\Systems</Filter>
    </ClInclude>
    <ClInclude Include="Include\ECS\Components\PlayerControlComponent.h">
      <Filter>Header Files\ECS\Components</Filter>
    </ClInclude>
    <ClInclude Include="Include\ECS\Systems\PlayerControlSystem.h">
      <Filter>Header Files\ECS\Systems</Filter>
    </ClInclude>
    <ClInclude Include="Include\ECS\Systems\CollisionSystem.h">
      <Filter>Header Files\ECS\Systems</Filter>
    </ClInclude>
    <ClInclude Include="Include\ECS\Components\CameraComponent.h">
      <Filter>Header Files\ECS\Components</Filter>
    </ClInclude>
    <ClInclude Include="Include\ECS\Systems\CameraControlSystem.h">
      <Filter>Header Files\ECS\Systems</Filter>
    </ClInclude>
    <ClInclude Include="Include\ECS\Components\ModelComponent.h">
      <Filter>Header Files\ECS\Components</Filter>
    </ClInclude>
    <ClInclude Include="Include\ECS\AllComponents.h">
      <Filter>Header Files\ECS</Filter>
    </ClInclude>
    <ClInclude Include="Include\ECS\AllSystems.h">
      <Filter>Header Files\ECS</Filter>
    </ClInclude>
    <ClInclude Include="Include\ECS\ECS.h">
      <Filter>Header Files\ECS</Filter>
    </ClInclude>
    <ClInclude Include="Include\ECS\ECSInitializer.h">
      <Filter>Header Files\ECS</Filter>
    </ClInclude>
    <ClInclude Include="Include\ECS\EntityFactory.h">
      <Filter>Header Files\ECS</Filter>
    </ClInclude>
    <ClInclude Include="Include\ECS\ComponentRegistry.h">
      <Filter>Header Files\ECS</Filter>
    </ClInclude>
    <ClInclude Include="Include\ECS\Components\GameStateComponent.h">
      <Filter>Header Files\ECS\Components</Filter>
    </ClInclude>
    <ClInclude Include="Include\ECS\Systems\StateSwitchSystem.h">
      <Filter>Header Files\ECS\Systems</Filter>
    </ClInclude>
    <ClInclude Include="Include\ECS\Systems\GameFlowSystem.h">
      <Filter>Header Files\ECS\Systems</Filter>
    </ClInclude>
    <ClInclude Include="Include\ECS\Components\TagComponent.h">
      <Filter>Header Files\ECS\Components</Filter>
    </ClInclude>
    <ClInclude Include="Include\ECS\Components\UIComponent.h">
      <Filter>Header Files\ECS\Components</Filter>
    </ClInclude>
    <ClInclude Include="Include\ECS\Systems\UISystem.h">
      <Filter>Header Files\ECS\Systems</Filter>
    </ClInclude>
    <ClInclude Include="Include\ECS\Components\CollectableComponent.h">
      <Filter>Header Files</Filter>
    </ClInclude>
    <ClInclude Include="Include\ECS\Components\ItemTrackerComponent.h">
      <Filter>Header Files</Filter>
    </ClInclude>
    <ClInclude Include="Include\ECS\Systems\CollectionSystem.h">
      <Filter>Header Files</Filter>
    </ClInclude>
    <ClInclude Include="Include\ECS\Systems\GuardAISystem.h">
      <Filter>Header Files\ECS\Systems</Filter>
    </ClInclude>
    <ClInclude Include="Include\ECS\Components\GuardComponent.h">
      <Filter>Header Files\ECS\Components</Filter>
    </ClInclude>
  </ItemGroup>
  <ItemGroup>
    <None Include="..\README.md">
      <Filter>Resource</Filter>
    </None>
  </ItemGroup>
</Project>